
Microsoft Visual Studio Solution File, Format Version 12.00
# Visual Studio Version 17
VisualStudioVersion = 17.0.31903.59
MinimumVisualStudioVersion = 10.0.40219.1
Project("{FAE04EC0-301F-11D3-BF4B-00C04F79EFBC}") = "PetFamily.API", "src\PetFamily.API\PetFamily.API.csproj", "{C28705D6-2E97-4569-84F6-5F8BDC328B73}"
EndProject
Project("{E53339B2-1760-4266-BCC7-CA923CBCF16C}") = "docker-compose", "docker-compose.dcproj", "{81DDED9D-158B-E303-5F62-77A2896D2A5A}"
EndProject
Project("{FAE04EC0-301F-11D3-BF4B-00C04F79EFBC}") = "PetFamily.Domain.UnitTests", "tests\PetFamily.UnitTests\PetFamily.Domain.UnitTests.csproj", "{834B1545-DAF3-4E72-ACFA-FA161B1E2146}"
EndProject
Project("{2150E333-8FDC-42A3-9474-1A3956D46DE8}") = "tests", "tests", "{02EA681E-C7D8-13C7-8484-4AC65E1B71E8}"
EndProject
Project("{FAE04EC0-301F-11D3-BF4B-00C04F79EFBC}") = "PetFamily.InegrationTests", "..\PetFamily.InegrationTests\PetFamily.InegrationTests.csproj", "{ABFD8F4D-9692-445B-B967-2C0F13F2929F}"
EndProject
Project("{2150E333-8FDC-42A3-9474-1A3956D46DE8}") = "src", "src", "{79FAC600-8FA9-499D-BD8E-71BAE0619FE1}"
EndProject
Project("{2150E333-8FDC-42A3-9474-1A3956D46DE8}") = "Volonteers", "Volonteers", "{FA84B9C5-56EA-4B6D-BB36-FC42046B5FEF}"
EndProject
Project("{2150E333-8FDC-42A3-9474-1A3956D46DE8}") = "Species", "Species", "{1F780908-08B5-49C7-89E4-3E8CF2FB9A65}"
EndProject
Project("{2150E333-8FDC-42A3-9474-1A3956D46DE8}") = "Shared", "Shared", "{6406DE0D-382A-4034-9B6E-B3371E03D7FA}"
EndProject
Project("{FAE04EC0-301F-11D3-BF4B-00C04F79EFBC}") = "PetFamily.Framework", "src\Shared\PetFamily.Framework\PetFamily.Framework.csproj", "{D6E79B92-0349-14DA-9C9B-55069D505C1E}"
EndProject
Project("{FAE04EC0-301F-11D3-BF4B-00C04F79EFBC}") = "PetFamily.SharedKernal", "src\Shared\PetFamily.SharedKernal\PetFamily.SharedKernal.csproj", "{95BFD1B0-A56A-6F14-11D4-C57D03A0F516}"
EndProject
Project("{FAE04EC0-301F-11D3-BF4B-00C04F79EFBC}") = "PetFamily.Core", "src\Shared\PetFamily.Core\PetFamily.Core.csproj", "{F7308604-04B1-4900-03B4-07A7FC75E194}"
EndProject
Project("{FAE04EC0-301F-11D3-BF4B-00C04F79EFBC}") = "PetFamily.Species.Domain", "src\Species\PetFamily.Species.Domain\PetFamily.Species.Domain.csproj", "{AFBAFB95-15D9-4856-ACD1-899B85CD2FDF}"
EndProject
Project("{FAE04EC0-301F-11D3-BF4B-00C04F79EFBC}") = "PetFamily.Species.Application", "src\Species\PetFamily.Species.Application\PetFamily.Species.Application.csproj", "{ECB0EBE9-DBCE-4AF5-97AB-105FF59CAE69}"
EndProject
Project("{FAE04EC0-301F-11D3-BF4B-00C04F79EFBC}") = "PetFamily.Species.Infrastructure", "src\Species\PetFamily.Species.Infrastructure\PetFamily.Species.Infrastructure.csproj", "{581ECC46-C013-4FDA-ABD0-59F9B12FC32B}"
EndProject
Project("{FAE04EC0-301F-11D3-BF4B-00C04F79EFBC}") = "PetFamily.Species.Contracts", "src\Species\PetFamily.Species.Contracts\PetFamily.Species.Contracts.csproj", "{5191D8DA-0B01-42D0-BB66-BD469DEDF540}"
EndProject
Project("{FAE04EC0-301F-11D3-BF4B-00C04F79EFBC}") = "PetFamily.Species.Presentation", "src\Species\PetFamily.Species.Presentation\PetFamily.Species.Presentation.csproj", "{D8BDE747-2140-4DA3-9C02-6E642A06DBDB}"
EndProject
Project("{FAE04EC0-301F-11D3-BF4B-00C04F79EFBC}") = "PetFamily.Volonteers.Application", "src\Volonteers\PetFamily.Volonteers.Application\PetFamily.Volonteers.Application.csproj", "{AB5F05EF-1E8E-4E03-BFBF-451CE294CF50}"
EndProject
Project("{FAE04EC0-301F-11D3-BF4B-00C04F79EFBC}") = "PetFamily.Volonteers.Contracts", "src\Volonteers\PetFamily.Volonteers.Contracts\PetFamily.Volonteers.Contracts.csproj", "{A11D5002-85CA-4240-8E9E-7526DA05375A}"
EndProject
Project("{FAE04EC0-301F-11D3-BF4B-00C04F79EFBC}") = "PetFamily.Volonteers.Domain", "src\Volonteers\PetFamily.Volonteers.Domain\PetFamily.Volonteers.Domain.csproj", "{E9E4357C-003B-471E-B412-97AE45CC9941}"
EndProject
Project("{FAE04EC0-301F-11D3-BF4B-00C04F79EFBC}") = "PetFamily.Volonteers.Infrastructure", "src\Volonteers\PetFamily.Volonteers.Infrastructure\PetFamily.Volonteers.Infrastructure.csproj", "{2AB0FEA1-9D93-4C57-A534-A9CE576B7609}"
EndProject
Project("{FAE04EC0-301F-11D3-BF4B-00C04F79EFBC}") = "PetFamily.Volonteers.Presentaion", "src\Volonteers\PetFamily.Volonteers.Presentaion\PetFamily.Volonteers.Presentaion.csproj", "{822BAFA0-06E3-41C1-8B5F-3342E07A3007}"
EndProject
Global
	GlobalSection(SolutionConfigurationPlatforms) = preSolution
		Debug|Any CPU = Debug|Any CPU
		Release|Any CPU = Release|Any CPU
	EndGlobalSection
	GlobalSection(ProjectConfigurationPlatforms) = postSolution
		{C28705D6-2E97-4569-84F6-5F8BDC328B73}.Debug|Any CPU.ActiveCfg = Debug|Any CPU
		{C28705D6-2E97-4569-84F6-5F8BDC328B73}.Debug|Any CPU.Build.0 = Debug|Any CPU
		{C28705D6-2E97-4569-84F6-5F8BDC328B73}.Release|Any CPU.ActiveCfg = Release|Any CPU
		{C28705D6-2E97-4569-84F6-5F8BDC328B73}.Release|Any CPU.Build.0 = Release|Any CPU
		{81DDED9D-158B-E303-5F62-77A2896D2A5A}.Debug|Any CPU.ActiveCfg = Debug|Any CPU
		{81DDED9D-158B-E303-5F62-77A2896D2A5A}.Debug|Any CPU.Build.0 = Debug|Any CPU
		{81DDED9D-158B-E303-5F62-77A2896D2A5A}.Release|Any CPU.ActiveCfg = Release|Any CPU
		{81DDED9D-158B-E303-5F62-77A2896D2A5A}.Release|Any CPU.Build.0 = Release|Any CPU
		{834B1545-DAF3-4E72-ACFA-FA161B1E2146}.Debug|Any CPU.ActiveCfg = Debug|Any CPU
		{834B1545-DAF3-4E72-ACFA-FA161B1E2146}.Debug|Any CPU.Build.0 = Debug|Any CPU
		{834B1545-DAF3-4E72-ACFA-FA161B1E2146}.Release|Any CPU.ActiveCfg = Release|Any CPU
		{834B1545-DAF3-4E72-ACFA-FA161B1E2146}.Release|Any CPU.Build.0 = Release|Any CPU
		{ABFD8F4D-9692-445B-B967-2C0F13F2929F}.Debug|Any CPU.ActiveCfg = Debug|Any CPU
		{ABFD8F4D-9692-445B-B967-2C0F13F2929F}.Debug|Any CPU.Build.0 = Debug|Any CPU
		{ABFD8F4D-9692-445B-B967-2C0F13F2929F}.Release|Any CPU.ActiveCfg = Release|Any CPU
		{ABFD8F4D-9692-445B-B967-2C0F13F2929F}.Release|Any CPU.Build.0 = Release|Any CPU
		{D6E79B92-0349-14DA-9C9B-55069D505C1E}.Debug|Any CPU.ActiveCfg = Debug|Any CPU
		{D6E79B92-0349-14DA-9C9B-55069D505C1E}.Debug|Any CPU.Build.0 = Debug|Any CPU
		{D6E79B92-0349-14DA-9C9B-55069D505C1E}.Release|Any CPU.ActiveCfg = Release|Any CPU
		{D6E79B92-0349-14DA-9C9B-55069D505C1E}.Release|Any CPU.Build.0 = Release|Any CPU
		{95BFD1B0-A56A-6F14-11D4-C57D03A0F516}.Debug|Any CPU.ActiveCfg = Debug|Any CPU
		{95BFD1B0-A56A-6F14-11D4-C57D03A0F516}.Debug|Any CPU.Build.0 = Debug|Any CPU
		{95BFD1B0-A56A-6F14-11D4-C57D03A0F516}.Release|Any CPU.ActiveCfg = Release|Any CPU
		{95BFD1B0-A56A-6F14-11D4-C57D03A0F516}.Release|Any CPU.Build.0 = Release|Any CPU
		{F7308604-04B1-4900-03B4-07A7FC75E194}.Debug|Any CPU.ActiveCfg = Debug|Any CPU
		{F7308604-04B1-4900-03B4-07A7FC75E194}.Debug|Any CPU.Build.0 = Debug|Any CPU
		{F7308604-04B1-4900-03B4-07A7FC75E194}.Release|Any CPU.ActiveCfg = Release|Any CPU
		{F7308604-04B1-4900-03B4-07A7FC75E194}.Release|Any CPU.Build.0 = Release|Any CPU
		{AFBAFB95-15D9-4856-ACD1-899B85CD2FDF}.Debug|Any CPU.ActiveCfg = Debug|Any CPU
		{AFBAFB95-15D9-4856-ACD1-899B85CD2FDF}.Debug|Any CPU.Build.0 = Debug|Any CPU
		{AFBAFB95-15D9-4856-ACD1-899B85CD2FDF}.Release|Any CPU.ActiveCfg = Release|Any CPU
		{AFBAFB95-15D9-4856-ACD1-899B85CD2FDF}.Release|Any CPU.Build.0 = Release|Any CPU
		{ECB0EBE9-DBCE-4AF5-97AB-105FF59CAE69}.Debug|Any CPU.ActiveCfg = Debug|Any CPU
		{ECB0EBE9-DBCE-4AF5-97AB-105FF59CAE69}.Debug|Any CPU.Build.0 = Debug|Any CPU
		{ECB0EBE9-DBCE-4AF5-97AB-105FF59CAE69}.Release|Any CPU.ActiveCfg = Release|Any CPU
		{ECB0EBE9-DBCE-4AF5-97AB-105FF59CAE69}.Release|Any CPU.Build.0 = Release|Any CPU
		{581ECC46-C013-4FDA-ABD0-59F9B12FC32B}.Debug|Any CPU.ActiveCfg = Debug|Any CPU
		{581ECC46-C013-4FDA-ABD0-59F9B12FC32B}.Debug|Any CPU.Build.0 = Debug|Any CPU
		{581ECC46-C013-4FDA-ABD0-59F9B12FC32B}.Release|Any CPU.ActiveCfg = Release|Any CPU
		{581ECC46-C013-4FDA-ABD0-59F9B12FC32B}.Release|Any CPU.Build.0 = Release|Any CPU
		{5191D8DA-0B01-42D0-BB66-BD469DEDF540}.Debug|Any CPU.ActiveCfg = Debug|Any CPU
		{5191D8DA-0B01-42D0-BB66-BD469DEDF540}.Debug|Any CPU.Build.0 = Debug|Any CPU
		{5191D8DA-0B01-42D0-BB66-BD469DEDF540}.Release|Any CPU.ActiveCfg = Release|Any CPU
		{5191D8DA-0B01-42D0-BB66-BD469DEDF540}.Release|Any CPU.Build.0 = Release|Any CPU
		{D8BDE747-2140-4DA3-9C02-6E642A06DBDB}.Debug|Any CPU.ActiveCfg = Debug|Any CPU
		{D8BDE747-2140-4DA3-9C02-6E642A06DBDB}.Debug|Any CPU.Build.0 = Debug|Any CPU
		{D8BDE747-2140-4DA3-9C02-6E642A06DBDB}.Release|Any CPU.ActiveCfg = Release|Any CPU
		{D8BDE747-2140-4DA3-9C02-6E642A06DBDB}.Release|Any CPU.Build.0 = Release|Any CPU
		{AB5F05EF-1E8E-4E03-BFBF-451CE294CF50}.Debug|Any CPU.ActiveCfg = Debug|Any CPU
		{AB5F05EF-1E8E-4E03-BFBF-451CE294CF50}.Debug|Any CPU.Build.0 = Debug|Any CPU
		{AB5F05EF-1E8E-4E03-BFBF-451CE294CF50}.Release|Any CPU.ActiveCfg = Release|Any CPU
		{AB5F05EF-1E8E-4E03-BFBF-451CE294CF50}.Release|Any CPU.Build.0 = Release|Any CPU
		{A11D5002-85CA-4240-8E9E-7526DA05375A}.Debug|Any CPU.ActiveCfg = Debug|Any CPU
		{A11D5002-85CA-4240-8E9E-7526DA05375A}.Debug|Any CPU.Build.0 = Debug|Any CPU
		{A11D5002-85CA-4240-8E9E-7526DA05375A}.Release|Any CPU.ActiveCfg = Release|Any CPU
		{A11D5002-85CA-4240-8E9E-7526DA05375A}.Release|Any CPU.Build.0 = Release|Any CPU
		{E9E4357C-003B-471E-B412-97AE45CC9941}.Debug|Any CPU.ActiveCfg = Debug|Any CPU
		{E9E4357C-003B-471E-B412-97AE45CC9941}.Debug|Any CPU.Build.0 = Debug|Any CPU
		{E9E4357C-003B-471E-B412-97AE45CC9941}.Release|Any CPU.ActiveCfg = Release|Any CPU
		{E9E4357C-003B-471E-B412-97AE45CC9941}.Release|Any CPU.Build.0 = Release|Any CPU
		{2AB0FEA1-9D93-4C57-A534-A9CE576B7609}.Debug|Any CPU.ActiveCfg = Debug|Any CPU
		{2AB0FEA1-9D93-4C57-A534-A9CE576B7609}.Debug|Any CPU.Build.0 = Debug|Any CPU
		{2AB0FEA1-9D93-4C57-A534-A9CE576B7609}.Release|Any CPU.ActiveCfg = Release|Any CPU
		{2AB0FEA1-9D93-4C57-A534-A9CE576B7609}.Release|Any CPU.Build.0 = Release|Any CPU
		{822BAFA0-06E3-41C1-8B5F-3342E07A3007}.Debug|Any CPU.ActiveCfg = Debug|Any CPU
		{822BAFA0-06E3-41C1-8B5F-3342E07A3007}.Debug|Any CPU.Build.0 = Debug|Any CPU
		{822BAFA0-06E3-41C1-8B5F-3342E07A3007}.Release|Any CPU.ActiveCfg = Release|Any CPU
		{822BAFA0-06E3-41C1-8B5F-3342E07A3007}.Release|Any CPU.Build.0 = Release|Any CPU
	EndGlobalSection
	GlobalSection(SolutionProperties) = preSolution
		HideSolutionNode = FALSE
	EndGlobalSection
	GlobalSection(NestedProjects) = preSolution
		{834B1545-DAF3-4E72-ACFA-FA161B1E2146} = {02EA681E-C7D8-13C7-8484-4AC65E1B71E8}
		{ABFD8F4D-9692-445B-B967-2C0F13F2929F} = {02EA681E-C7D8-13C7-8484-4AC65E1B71E8}
		{FA84B9C5-56EA-4B6D-BB36-FC42046B5FEF} = {79FAC600-8FA9-499D-BD8E-71BAE0619FE1}
		{1F780908-08B5-49C7-89E4-3E8CF2FB9A65} = {79FAC600-8FA9-499D-BD8E-71BAE0619FE1}
		{6406DE0D-382A-4034-9B6E-B3371E03D7FA} = {79FAC600-8FA9-499D-BD8E-71BAE0619FE1}
		{D6E79B92-0349-14DA-9C9B-55069D505C1E} = {6406DE0D-382A-4034-9B6E-B3371E03D7FA}
		{95BFD1B0-A56A-6F14-11D4-C57D03A0F516} = {6406DE0D-382A-4034-9B6E-B3371E03D7FA}
		{F7308604-04B1-4900-03B4-07A7FC75E194} = {6406DE0D-382A-4034-9B6E-B3371E03D7FA}
		{AFBAFB95-15D9-4856-ACD1-899B85CD2FDF} = {1F780908-08B5-49C7-89E4-3E8CF2FB9A65}
		{ECB0EBE9-DBCE-4AF5-97AB-105FF59CAE69} = {1F780908-08B5-49C7-89E4-3E8CF2FB9A65}
		{581ECC46-C013-4FDA-ABD0-59F9B12FC32B} = {1F780908-08B5-49C7-89E4-3E8CF2FB9A65}
		{5191D8DA-0B01-42D0-BB66-BD469DEDF540} = {1F780908-08B5-49C7-89E4-3E8CF2FB9A65}
		{D8BDE747-2140-4DA3-9C02-6E642A06DBDB} = {1F780908-08B5-49C7-89E4-3E8CF2FB9A65}
		{AB5F05EF-1E8E-4E03-BFBF-451CE294CF50} = {FA84B9C5-56EA-4B6D-BB36-FC42046B5FEF}
		{A11D5002-85CA-4240-8E9E-7526DA05375A} = {FA84B9C5-56EA-4B6D-BB36-FC42046B5FEF}
		{E9E4357C-003B-471E-B412-97AE45CC9941} = {FA84B9C5-56EA-4B6D-BB36-FC42046B5FEF}
		{2AB0FEA1-9D93-4C57-A534-A9CE576B7609} = {FA84B9C5-56EA-4B6D-BB36-FC42046B5FEF}
		{822BAFA0-06E3-41C1-8B5F-3342E07A3007} = {FA84B9C5-56EA-4B6D-BB36-FC42046B5FEF}
	EndGlobalSection
	GlobalSection(ExtensibilityGlobals) = postSolution
		SolutionGuid = {2783C29C-9D80-456D-AF3B-33A0D67C7E38}
	EndGlobalSection
EndGlobal
